
Microsoft Visual Studio Solution File, Format Version 12.00
# Visual Studio Version 16
VisualStudioVersion = 16.0.31624.102
MinimumVisualStudioVersion = 10.0.40219.1
Project("{FAE04EC0-301F-11D3-BF4B-00C04F79EFBC}") = "MVC5DemoApp", "MVC5DemoApp\MVC5DemoApp.csproj", "{73AB434E-77EE-4A58-87B6-2782227CFB77}"
EndProject
Global
	GlobalSection(SolutionConfigurationPlatforms) = preSolution
		Debug|Any CPU = Debug|Any CPU
		Release|Any CPU = Release|Any CPU
	EndGlobalSection
	GlobalSection(ProjectConfigurationPlatforms) = postSolution
		{73AB434E-77EE-4A58-87B6-2782227CFB77}.Debug|Any CPU.ActiveCfg = Debug|Any CPU
		{73AB434E-77EE-4A58-87B6-2782227CFB77}.Debug|Any CPU.Build.0 = Debug|Any CPU
		{73AB434E-77EE-4A58-87B6-2782227CFB77}.Release|Any CPU.ActiveCfg = Release|Any CPU
		{73AB434E-77EE-4A58-87B6-2782227CFB77}.Release|Any CPU.Build.0 = Release|Any CPU
	EndGlobalSection
	GlobalSection(SolutionProperties) = preSolution
		HideSolutionNode = FALSE
	EndGlobalSection
	GlobalSection(ExtensibilityGlobals) = postSolution
		SolutionGuid = {78525C0A-E63D-4FE0-A3E7-D8AF352F735F}
	EndGlobalSection
EndGlobal
